// !$*UTF8*$!
{
	archiveVersion = 1;
	classes = {
	};
	objectVersion = 51;
	objects = {

/* Begin PBXBuildFile section */
		BBC91C6AD45C6D8FB9F1BD32 /* Pods_News.framework in Frameworks */ = {isa = PBXBuildFile; fileRef = B532956BA1B6724D6A1C897E /* Pods_News.framework */; };
		FB688ED82517D11C005BD418 /* AppDelegate.swift in Sources */ = {isa = PBXBuildFile; fileRef = FB688ED72517D11C005BD418 /* AppDelegate.swift */; };
		FB688EDA2517D11C005BD418 /* SceneDelegate.swift in Sources */ = {isa = PBXBuildFile; fileRef = FB688ED92517D11C005BD418 /* SceneDelegate.swift */; };
		FB688EDC2517D11C005BD418 /* ViewController.swift in Sources */ = {isa = PBXBuildFile; fileRef = FB688EDB2517D11C005BD418 /* ViewController.swift */; };
		FB688EDF2517D11C005BD418 /* Main.storyboard in Resources */ = {isa = PBXBuildFile; fileRef = FB688EDD2517D11C005BD418 /* Main.storyboard */; };
		FB688EE12517D121005BD418 /* Assets.xcassets in Resources */ = {isa = PBXBuildFile; fileRef = FB688EE02517D121005BD418 /* Assets.xcassets */; };
		FB688EE42517D121005BD418 /* LaunchScreen.storyboard in Resources */ = {isa = PBXBuildFile; fileRef = FB688EE22517D121005BD418 /* LaunchScreen.storyboard */; };
		FB688EEC2517D70A005BD418 /* NewsCollectionViewCell.swift in Sources */ = {isa = PBXBuildFile; fileRef = FB688EEB2517D70A005BD418 /* NewsCollectionViewCell.swift */; };
		FB688EEE2517DD63005BD418 /* NetworkManager.swift in Sources */ = {isa = PBXBuildFile; fileRef = FB688EED2517DD63005BD418 /* NetworkManager.swift */; };
		FB688EF0251884B4005BD418 /* Films.swift in Sources */ = {isa = PBXBuildFile; fileRef = FB688EEF251884B4005BD418 /* Films.swift */; };
		FB7238E4251A2940002A9322 /* InfoViewController.swift in Sources */ = {isa = PBXBuildFile; fileRef = FB7238E3251A2940002A9322 /* InfoViewController.swift */; };
/* End PBXBuildFile section */

/* Begin PBXFileReference section */
		B532956BA1B6724D6A1C897E /* Pods_News.framework */ = {isa = PBXFileReference; explicitFileType = wrapper.framework; includeInIndex = 0; path = Pods_News.framework; sourceTree = BUILT_PRODUCTS_DIR; };
		C4D7BB722C1D64147A0DF857 /* Pods-News.release.xcconfig */ = {isa = PBXFileReference; includeInIndex = 1; lastKnownFileType = text.xcconfig; name = "Pods-News.release.xcconfig"; path = "Target Support Files/Pods-News/Pods-News.release.xcconfig"; sourceTree = "<group>"; };
		FB5EA66D78C6139BC0A9AD09 /* Pods-News.debug.xcconfig */ = {isa = PBXFileReference; includeInIndex = 1; lastKnownFileType = text.xcconfig; name = "Pods-News.debug.xcconfig"; path = "Target Support Files/Pods-News/Pods-News.debug.xcconfig"; sourceTree = "<group>"; };
		FB688ED42517D11C005BD418 /* News.app */ = {isa = PBXFileReference; explicitFileType = wrapper.application; includeInIndex = 0; path = News.app; sourceTree = BUILT_PRODUCTS_DIR; };
		FB688ED72517D11C005BD418 /* AppDelegate.swift */ = {isa = PBXFileReference; lastKnownFileType = sourcecode.swift; path = AppDelegate.swift; sourceTree = "<group>"; };
		FB688ED92517D11C005BD418 /* SceneDelegate.swift */ = {isa = PBXFileReference; lastKnownFileType = sourcecode.swift; path = SceneDelegate.swift; sourceTree = "<group>"; };
		FB688EDB2517D11C005BD418 /* ViewController.swift */ = {isa = PBXFileReference; lastKnownFileType = sourcecode.swift; path = ViewController.swift; sourceTree = "<group>"; };
		FB688EDE2517D11C005BD418 /* Base */ = {isa = PBXFileReference; lastKnownFileType = file.storyboard; name = Base; path = Base.lproj/Main.storyboard; sourceTree = "<group>"; };
		FB688EE02517D121005BD418 /* Assets.xcassets */ = {isa = PBXFileReference; lastKnownFileType = folder.assetcatalog; path = Assets.xcassets; sourceTree = "<group>"; };
		FB688EE32517D121005BD418 /* Base */ = {isa = PBXFileReference; lastKnownFileType = file.storyboard; name = Base; path = Base.lproj/LaunchScreen.storyboard; sourceTree = "<group>"; };
		FB688EE52517D121005BD418 /* Info.plist */ = {isa = PBXFileReference; lastKnownFileType = text.plist.xml; path = Info.plist; sourceTree = "<group>"; };
		FB688EEB2517D70A005BD418 /* NewsCollectionViewCell.swift */ = {isa = PBXFileReference; lastKnownFileType = sourcecode.swift; path = NewsCollectionViewCell.swift; sourceTree = "<group>"; };
		FB688EED2517DD63005BD418 /* NetworkManager.swift */ = {isa = PBXFileReference; lastKnownFileType = sourcecode.swift; path = NetworkManager.swift; sourceTree = "<group>"; };
		FB688EEF251884B4005BD418 /* Films.swift */ = {isa = PBXFileReference; lastKnownFileType = sourcecode.swift; path = Films.swift; sourceTree = "<group>"; };
		FB7238E3251A2940002A9322 /* InfoViewController.swift */ = {isa = PBXFileReference; lastKnownFileType = sourcecode.swift; path = InfoViewController.swift; sourceTree = "<group>"; };
/* End PBXFileReference section */

/* Begin PBXFrameworksBuildPhase section */
		FB688ED12517D11C005BD418 /* Frameworks */ = {
			isa = PBXFrameworksBuildPhase;
			buildActionMask = 2147483647;
			files = (
				BBC91C6AD45C6D8FB9F1BD32 /* Pods_News.framework in Frameworks */,
			);
			runOnlyForDeploymentPostprocessing = 0;
		};
/* End PBXFrameworksBuildPhase section */

/* Begin PBXGroup section */
		3E76FA4EEDA99E7F64A467D4 /* Frameworks */ = {
			isa = PBXGroup;
			children = (
				B532956BA1B6724D6A1C897E /* Pods_News.framework */,
			);
			name = Frameworks;
			sourceTree = "<group>";
		};
		C11E4EDE2C15DA5EFDF23CB7 /* Pods */ = {
			isa = PBXGroup;
			children = (
				FB5EA66D78C6139BC0A9AD09 /* Pods-News.debug.xcconfig */,
				C4D7BB722C1D64147A0DF857 /* Pods-News.release.xcconfig */,
			);
			path = Pods;
			sourceTree = "<group>";
		};
		FB688ECB2517D11C005BD418 = {
			isa = PBXGroup;
			children = (
				FB688ED62517D11C005BD418 /* News */,
				FB688ED52517D11C005BD418 /* Products */,
				C11E4EDE2C15DA5EFDF23CB7 /* Pods */,
				3E76FA4EEDA99E7F64A467D4 /* Frameworks */,
			);
			sourceTree = "<group>";
		};
		FB688ED52517D11C005BD418 /* Products */ = {
			isa = PBXGroup;
			children = (
				FB688ED42517D11C005BD418 /* News.app */,
			);
			name = Products;
			sourceTree = "<group>";
		};
		FB688ED62517D11C005BD418 /* News */ = {
			isa = PBXGroup;
			children = (
				FB688ED72517D11C005BD418 /* AppDelegate.swift */,
				FB688ED92517D11C005BD418 /* SceneDelegate.swift */,
				FB688EDB2517D11C005BD418 /* ViewController.swift */,
				FB688EEB2517D70A005BD418 /* NewsCollectionViewCell.swift */,
				FB7238E3251A2940002A9322 /* InfoViewController.swift */,
				FB688EED2517DD63005BD418 /* NetworkManager.swift */,
				FB688EEF251884B4005BD418 /* Films.swift */,
				FB688EDD2517D11C005BD418 /* Main.storyboard */,
				FB688EE02517D121005BD418 /* Assets.xcassets */,
				FB688EE22517D121005BD418 /* LaunchScreen.storyboard */,
				FB688EE52517D121005BD418 /* Info.plist */,
			);
			path = News;
			sourceTree = "<group>";
		};
/* End PBXGroup section */

/* Begin PBXNativeTarget section */
		FB688ED32517D11C005BD418 /* News */ = {
			isa = PBXNativeTarget;
			buildConfigurationList = FB688EE82517D121005BD418 /* Build configuration list for PBXNativeTarget "News" */;
			buildPhases = (
				F2F0C7786F017A225C32223C /* [CP] Check Pods Manifest.lock */,
				FB688ED02517D11C005BD418 /* Sources */,
				FB688ED12517D11C005BD418 /* Frameworks */,
				FB688ED22517D11C005BD418 /* Resources */,
				14FDC5EE02FFD26CA9F5F5E2 /* [CP] Embed Pods Frameworks */,
			);
			buildRules = (
			);
			dependencies = (
			);
			name = News;
			productName = News;
			productReference = FB688ED42517D11C005BD418 /* News.app */;
			productType = "com.apple.product-type.application";
		};
/* End PBXNativeTarget section */

/* Begin PBXProject section */
		FB688ECC2517D11C005BD418 /* Project object */ = {
			isa = PBXProject;
			attributes = {
				LastSwiftUpdateCheck = 1170;
				LastUpgradeCheck = 1170;
				ORGANIZATIONNAME = "Murat Merekov";
				TargetAttributes = {
					FB688ED32517D11C005BD418 = {
						CreatedOnToolsVersion = 11.7;
					};
				};
			};
			buildConfigurationList = FB688ECF2517D11C005BD418 /* Build configuration list for PBXProject "News" */;
			compatibilityVersion = "Xcode 9.3";
			developmentRegion = en;
			hasScannedForEncodings = 0;
			knownRegions = (
				en,
				Base,
			);
			mainGroup = FB688ECB2517D11C005BD418;
			productRefGroup = FB688ED52517D11C005BD418 /* Products */;
			projectDirPath = "";
			projectRoot = "";
			targets = (
				FB688ED32517D11C005BD418 /* News */,
			);
		};
/* End PBXProject section */

/* Begin PBXResourcesBuildPhase section */
		FB688ED22517D11C005BD418 /* Resources */ = {
			isa = PBXResourcesBuildPhase;
			buildActionMask = 2147483647;
			files = (
				FB688EE42517D121005BD418 /* LaunchScreen.storyboard in Resources */,
				FB688EE12517D121005BD418 /* Assets.xcassets in Resources */,
				FB688EDF2517D11C005BD418 /* Main.storyboard in Resources */,
			);
			runOnlyForDeploymentPostprocessing = 0;
		};
/* End PBXResourcesBuildPhase section */

/* Begin PBXShellScriptBuildPhase section */
		14FDC5EE02FFD26CA9F5F5E2 /* [CP] Embed Pods Frameworks */ = {
			isa = PBXShellScriptBuildPhase;
			buildActionMask = 2147483647;
			files = (
			);
			inputFileListPaths = (
				"${PODS_ROOT}/Target Support Files/Pods-News/Pods-News-frameworks-${CONFIGURATION}-input-files.xcfilelist",
			);
			name = "[CP] Embed Pods Frameworks";
			outputFileListPaths = (
				"${PODS_ROOT}/Target Support Files/Pods-News/Pods-News-frameworks-${CONFIGURATION}-output-files.xcfilelist",
			);
			runOnlyForDeploymentPostprocessing = 0;
			shellPath = /bin/sh;
			shellScript = "\"${PODS_ROOT}/Target Support Files/Pods-News/Pods-News-frameworks.sh\"\n";
			showEnvVarsInLog = 0;
		};
		F2F0C7786F017A225C32223C /* [CP] Check Pods Manifest.lock */ = {
			isa = PBXShellScriptBuildPhase;
			buildActionMask = 2147483647;
			files = (
			);
			inputFileListPaths = (
			);
			inputPaths = (
				"${PODS_PODFILE_DIR_PATH}/Podfile.lock",
				"${PODS_ROOT}/Manifest.lock",
			);
			name = "[CP] Check Pods Manifest.lock";
			outputFileListPaths = (
			);
			outputPaths = (
				"$(DERIVED_FILE_DIR)/Pods-News-checkManifestLockResult.txt",
			);
			runOnlyForDeploymentPostprocessing = 0;
			shellPath = /bin/sh;
			shellScript = "diff \"${PODS_PODFILE_DIR_PATH}/Podfile.lock\" \"${PODS_ROOT}/Manifest.lock\" > /dev/null\nif [ $? != 0 ] ; then\n    # print error to STDERR\n    echo \"error: The sandbox is not in sync with the Podfile.lock. Run 'pod install' or update your CocoaPods installation.\" >&2\n    exit 1\nfi\n# This output is used by Xcode 'outputs' to avoid re-running this script phase.\necho \"SUCCESS\" > \"${SCRIPT_OUTPUT_FILE_0}\"\n";
			showEnvVarsInLog = 0;
		};
/* End PBXShellScriptBuildPhase section */

/* Begin PBXSourcesBuildPhase section */
		FB688ED02517D11C005BD418 /* Sources */ = {
			isa = PBXSourcesBuildPhase;
			buildActionMask = 2147483647;
			files = (
				FB688EDC2517D11C005BD418 /* ViewController.swift in Sources */,
				FB688EF0251884B4005BD418 /* Films.swift in Sources */,
				FB688ED82517D11C005BD418 /* AppDelegate.swift in Sources */,
				FB7238E4251A2940002A9322 /* InfoViewController.swift in Sources */,
				FB688EEE2517DD63005BD418 /* NetworkManager.swift in Sources */,
				FB688EDA2517D11C005BD418 /* SceneDelegate.swift in Sources */,
				FB688EEC2517D70A005BD418 /* NewsCollectionViewCell.swift in Sources */,
			);
			runOnlyForDeploymentPostprocessing = 0;
		};
/* End PBXSourcesBuildPhase section */

/* Begin PBXVariantGroup section */
		FB688EDD2517D11C005BD418 /* Main.storyboard */ = {
			isa = PBXVariantGroup;
			children = (
				FB688EDE2517D11C005BD418 /* Base */,
			);
			name = Main.storyboard;
			sourceTree = "<group>";
		};
		FB688EE22517D121005BD418 /* LaunchScreen.storyboard */ = {
			isa = PBXVariantGroup;
			children = (
				FB688EE32517D121005BD418 /* Base */,
			);
			name = LaunchScreen.storyboard;
			sourceTree = "<group>";
		};
/* End PBXVariantGroup section */

/* Begin XCBuildConfiguration section */
		FB688EE62517D121005BD418 /* Debug */ = {
			isa = XCBuildConfiguration;
			buildSettings = {
				ALWAYS_SEARCH_USER_PATHS = NO;
				CLANG_ANALYZER_NONNULL = YES;
				CLANG_ANALYZER_NUMBER_OBJECT_CONVERSION = YES_AGGRESSIVE;
				CLANG_CXX_LANGUAGE_STANDARD = "gnu++14";
				CLANG_CXX_LIBRARY = "libc++";
				CLANG_ENABLE_MODULES = YES;
				CLANG_ENABLE_OBJC_ARC = YES;
				CLANG_ENABLE_OBJC_WEAK = YES;
				CLANG_WARN_BLOCK_CAPTURE_AUTORELEASING = YES;
				CLANG_WARN_BOOL_CONVERSION = YES;
				CLANG_WARN_COMMA = YES;
				CLANG_WARN_CONSTANT_CONVERSION = YES;
				CLANG_WARN_DEPRECATED_OBJC_IMPLEMENTATIONS = YES;
				CLANG_WARN_DIRECT_OBJC_ISA_USAGE = YES_ERROR;
				CLANG_WARN_DOCUMENTATION_COMMENTS = YES;
				CLANG_WARN_EMPTY_BODY = YES;
				CLANG_WARN_ENUM_CONVERSION = YES;
				CLANG_WARN_INFINITE_RECURSION = YES;
				CLANG_WARN_INT_CONVERSION = YES;
				CLANG_WARN_NON_LITERAL_NULL_CONVERSION = YES;
				CLANG_WARN_OBJC_IMPLICIT_RETAIN_SELF = YES;
				CLANG_WARN_OBJC_LITERAL_CONVERSION = YES;
				CLANG_WARN_OBJC_ROOT_CLASS = YES_ERROR;
				CLANG_WARN_RANGE_LOOP_ANALYSIS = YES;
				CLANG_WARN_STRICT_PROTOTYPES = YES;
				CLANG_WARN_SUSPICIOUS_MOVE = YES;
				CLANG_WARN_UNGUARDED_AVAILABILITY = YES_AGGRESSIVE;
				CLANG_WARN_UNREACHABLE_CODE = YES;
				CLANG_WARN__DUPLICATE_METHOD_MATCH = YES;
				COPY_PHASE_STRIP = NO;
				DEBUG_INFORMATION_FORMAT = dwarf;
				ENABLE_STRICT_OBJC_MSGSEND = YES;
				ENABLE_TESTABILITY = YES;
				GCC_C_LANGUAGE_STANDARD = gnu11;
				GCC_DYNAMIC_NO_PIC = NO;
				GCC_NO_COMMON_BLOCKS = YES;
				GCC_OPTIMIZATION_LEVEL = 0;
				GCC_PREPROCESSOR_DEFINITIONS = (
					"DEBUG=1",
					"$(inherited)",
				);
				GCC_WARN_64_TO_32_BIT_CONVERSION = YES;
				GCC_WARN_ABOUT_RETURN_TYPE = YES_ERROR;
				GCC_WARN_UNDECLARED_SELECTOR = YES;
				GCC_WARN_UNINITIALIZED_AUTOS = YES_AGGRESSIVE;
				GCC_WARN_UNUSED_FUNCTION = YES;
				GCC_WARN_UNUSED_VARIABLE = YES;
				IPHONEOS_DEPLOYMENT_TARGET = 13.7;
				MTL_ENABLE_DEBUG_INFO = INCLUDE_SOURCE;
				MTL_FAST_MATH = YES;
				ONLY_ACTIVE_ARCH = YES;
				SDKROOT = iphoneos;
				SWIFT_ACTIVE_COMPILATION_CONDITIONS = DEBUG;
				SWIFT_OPTIMIZATION_LEVEL = "-Onone";
			};
			name = Debug;
		};
		FB688EE72517D121005BD418 /* Release */ = {
			isa = XCBuildConfiguration;
			buildSettings = {
				ALWAYS_SEARCH_USER_PATHS = NO;
				CLANG_ANALYZER_NONNULL = YES;
				CLANG_ANALYZER_NUMBER_OBJECT_CONVERSION = YES_AGGRESSIVE;
				CLANG_CXX_LANGUAGE_STANDARD = "gnu++14";
				CLANG_CXX_LIBRARY = "libc++";
				CLANG_ENABLE_MODULES = YES;
				CLANG_ENABLE_OBJC_ARC = YES;
				CLANG_ENABLE_OBJC_WEAK = YES;
				CLANG_WARN_BLOCK_CAPTURE_AUTORELEASING = YES;
				CLANG_WARN_BOOL_CONVERSION = YES;
				CLANG_WARN_COMMA = YES;
				CLANG_WARN_CONSTANT_CONVERSION = YES;
				CLANG_WARN_DEPRECATED_OBJC_IMPLEMENTATIONS = YES;
				CLANG_WARN_DIRECT_OBJC_ISA_USAGE = YES_ERROR;
				CLANG_WARN_DOCUMENTATION_COMMENTS = YES;
				CLANG_WARN_EMPTY_BODY = YES;
				CLANG_WARN_ENUM_CONVERSION = YES;
				CLANG_WARN_INFINITE_RECURSION = YES;
				CLANG_WARN_INT_CONVERSION = YES;
				CLANG_WARN_NON_LITERAL_NULL_CONVERSION = YES;
				CLANG_WARN_OBJC_IMPLICIT_RETAIN_SELF = YES;
				CLANG_WARN_OBJC_LITERAL_CONVERSION = YES;
				CLANG_WARN_OBJC_ROOT_CLASS = YES_ERROR;
				CLANG_WARN_RANGE_LOOP_ANALYSIS = YES;
				CLANG_WARN_STRICT_PROTOTYPES = YES;
				CLANG_WARN_SUSPICIOUS_MOVE = YES;
				CLANG_WARN_UNGUARDED_AVAILABILITY = YES_AGGRESSIVE;
				CLANG_WARN_UNREACHABLE_CODE = YES;
				CLANG_WARN__DUPLICATE_METHOD_MATCH = YES;
				COPY_PHASE_STRIP = NO;
				DEBUG_INFORMATION_FORMAT = "dwarf-with-dsym";
				ENABLE_NS_ASSERTIONS = NO;
				ENABLE_STRICT_OBJC_MSGSEND = YES;
				GCC_C_LANGUAGE_STANDARD = gnu11;
				GCC_NO_COMMON_BLOCKS = YES;
				GCC_WARN_64_TO_32_BIT_CONVERSION = YES;
				GCC_WARN_ABOUT_RETURN_TYPE = YES_ERROR;
				GCC_WARN_UNDECLARED_SELECTOR = YES;
				GCC_WARN_UNINITIALIZED_AUTOS = YES_AGGRESSIVE;
				GCC_WARN_UNUSED_FUNCTION = YES;
				GCC_WARN_UNUSED_VARIABLE = YES;
				IPHONEOS_DEPLOYMENT_TARGET = 13.7;
				MTL_ENABLE_DEBUG_INFO = NO;
				MTL_FAST_MATH = YES;
				SDKROOT = iphoneos;
				SWIFT_COMPILATION_MODE = wholemodule;
				SWIFT_OPTIMIZATION_LEVEL = "-O";
				VALIDATE_PRODUCT = YES;
			};
			name = Release;
		};
		FB688EE92517D121005BD418 /* Debug */ = {
			isa = XCBuildConfiguration;
			baseConfigurationReference = FB5EA66D78C6139BC0A9AD09 /* Pods-News.debug.xcconfig */;
			buildSettings = {
				ASSETCATALOG_COMPILER_APPICON_NAME = AppIcon;
				CODE_SIGN_STYLE = Automatic;
				DEVELOPMENT_TEAM = KKAPFUUV8S;
				INFOPLIST_FILE = News/Info.plist;
				LD_RUNPATH_SEARCH_PATHS = (
					"$(inherited)",
					"@executable_path/Frameworks",
				);
				PRODUCT_BUNDLE_IDENTIFIER = com.MuratMerekov.News;
				PRODUCT_NAME = "$(TARGET_NAME)";
				SWIFT_VERSION = 5.0;
				TARGETED_DEVICE_FAMILY = "1,2";
			};
			name = Debug;
		};
		FB688EEA2517D121005BD418 /* Release */ = {
			isa = XCBuildConfiguration;
			baseConfigurationReference = C4D7BB722C1D64147A0DF857 /* Pods-News.release.xcconfig */;
			buildSettings = {
				ASSETCATALOG_COMPILER_APPICON_NAME = AppIcon;
				CODE_SIGN_STYLE = Automatic;
				DEVELOPMENT_TEAM = KKAPFUUV8S;
				INFOPLIST_FILE = News/Info.plist;
				LD_RUNPATH_SEARCH_PATHS = (
					"$(inherited)",
					"@executable_path/Frameworks",
				);
				PRODUCT_BUNDLE_IDENTIFIER = com.MuratMerekov.News;
				PRODUCT_NAME = "$(TARGET_NAME)";
				SWIFT_VERSION = 5.0;
				TARGETED_DEVICE_FAMILY = "1,2";
			};
			name = Release;
		};
/* End XCBuildConfiguration section */

/* Begin XCConfigurationList section */
		FB688ECF2517D11C005BD418 /* Build configuration list for PBXProject "News" */ = {
			isa = XCConfigurationList;
			buildConfigurations = (
				FB688EE62517D121005BD418 /* Debug */,
				FB688EE72517D121005BD418 /* Release */,
			);
			defaultConfigurationIsVisible = 0;
			defaultConfigurationName = Release;
		};
		FB688EE82517D121005BD418 /* Build configuration list for PBXNativeTarget "News" */ = {
			isa = XCConfigurationList;
			buildConfigurations = (
				FB688EE92517D121005BD418 /* Debug */,
				FB688EEA2517D121005BD418 /* Release */,
			);
			defaultConfigurationIsVisible = 0;
			defaultConfigurationName = Release;
		};
/* End XCConfigurationList section */
	};
	rootObject = FB688ECC2517D11C005BD418 /* Project object */;
}
